
Microsoft Visual Studio Solution File, Format Version 12.00
# Visual Studio 2017
Project("{FAE04EC0-301F-11D3-BF4B-00C04F79EFBC}") = "fourthtry", "fourthtry.csproj", "{C9968F1B-AE61-2AC4-7FAE-3AB0E7663FDA}"
EndProject
Project("{FAE04EC0-301F-11D3-BF4B-00C04F79EFBC}") = "fourthtry.Editor", "fourthtry.Editor.csproj", "{B53D195A-7E4B-B054-62B9-92ABE5A0610F}"
EndProject
Global
	GlobalSection(SolutionConfigurationPlatforms) = preSolution
		Debug|Any CPU = Debug|Any CPU
		Release|Any CPU = Release|Any CPU
	EndGlobalSection
	GlobalSection(ProjectConfigurationPlatforms) = postSolution
		{C9968F1B-AE61-2AC4-7FAE-3AB0E7663FDA}.Debug|Any CPU.ActiveCfg = Debug|Any CPU
		{C9968F1B-AE61-2AC4-7FAE-3AB0E7663FDA}.Debug|Any CPU.Build.0 = Debug|Any CPU
		{C9968F1B-AE61-2AC4-7FAE-3AB0E7663FDA}.Release|Any CPU.ActiveCfg = Release|Any CPU
		{C9968F1B-AE61-2AC4-7FAE-3AB0E7663FDA}.Release|Any CPU.Build.0 = Release|Any CPU
		{B53D195A-7E4B-B054-62B9-92ABE5A0610F}.Debug|Any CPU.ActiveCfg = Debug|Any CPU
		{B53D195A-7E4B-B054-62B9-92ABE5A0610F}.Debug|Any CPU.Build.0 = Debug|Any CPU
		{B53D195A-7E4B-B054-62B9-92ABE5A0610F}.Release|Any CPU.ActiveCfg = Release|Any CPU
		{B53D195A-7E4B-B054-62B9-92ABE5A0610F}.Release|Any CPU.Build.0 = Release|Any CPU
	EndGlobalSection
	GlobalSection(SolutionProperties) = preSolution
		HideSolutionNode = FALSE
	EndGlobalSection
EndGlobal
